// !$*UTF8*$!
{
	archiveVersion = 1;
	classes = {
	};
	objectVersion = 46;
	objects = {

/* Begin PBXBuildFile section */
		D2695C231C7B041200CA5284 /* main.m in Sources */ = {isa = PBXBuildFile; fileRef = D2695C221C7B041200CA5284 /* main.m */; };
		D2695C261C7B041200CA5284 /* AppDelegate.m in Sources */ = {isa = PBXBuildFile; fileRef = D2695C251C7B041200CA5284 /* AppDelegate.m */; };
		D2695C291C7B041200CA5284 /* ViewController.m in Sources */ = {isa = PBXBuildFile; fileRef = D2695C281C7B041200CA5284 /* ViewController.m */; };
		D2695C2C1C7B041200CA5284 /* Main.storyboard in Resources */ = {isa = PBXBuildFile; fileRef = D2695C2A1C7B041200CA5284 /* Main.storyboard */; };
		D2695C2E1C7B041200CA5284 /* Images.xcassets in Resources */ = {isa = PBXBuildFile; fileRef = D2695C2D1C7B041200CA5284 /* Images.xcassets */; };
		D2695C311C7B041200CA5284 /* LaunchScreen.xib in Resources */ = {isa = PBXBuildFile; fileRef = D2695C2F1C7B041200CA5284 /* LaunchScreen.xib */; };
		D2695C3D1C7B041200CA5284 /* NewDemoTests.m in Sources */ = {isa = PBXBuildFile; fileRef = D2695C3C1C7B041200CA5284 /* NewDemoTests.m */; };
/* End PBXBuildFile section */

/* Begin PBXContainerItemProxy section */
		D2695C371C7B041200CA5284 /* PBXContainerItemProxy */ = {
			isa = PBXContainerItemProxy;
			containerPortal = D2695C151C7B041200CA5284 /* Project object */;
			proxyType = 1;
			remoteGlobalIDString = D2695C1C1C7B041200CA5284;
			remoteInfo = NewDemo;
		};
/* End PBXContainerItemProxy section */

/* Begin PBXFileReference section */
		D2695C1D1C7B041200CA5284 /* NewDemo.app */ = {isa = PBXFileReference; explicitFileType = wrapper.application; includeInIndex = 0; path = NewDemo.app; sourceTree = BUILT_PRODUCTS_DIR; };
		D2695C211C7B041200CA5284 /* Info.plist */ = {isa = PBXFileReference; lastKnownFileType = text.plist.xml; path = Info.plist; sourceTree = "<group>"; };
		D2695C221C7B041200CA5284 /* main.m */ = {isa = PBXFileReference; lastKnownFileType = sourcecode.c.objc; path = main.m; sourceTree = "<group>"; };
		D2695C241C7B041200CA5284 /* AppDelegate.h */ = {isa = PBXFileReference; lastKnownFileType = sourcecode.c.h; path = AppDelegate.h; sourceTree = "<group>"; };
		D2695C251C7B041200CA5284 /* AppDelegate.m */ = {isa = PBXFileReference; lastKnownFileType = sourcecode.c.objc; path = AppDelegate.m; sourceTree = "<group>"; };
		D2695C271C7B041200CA5284 /* ViewController.h */ = {isa = PBXFileReference; lastKnownFileType = sourcecode.c.h; path = ViewController.h; sourceTree = "<group>"; };
		D2695C281C7B041200CA5284 /* ViewController.m */ = {isa = PBXFileReference; lastKnownFileType = sourcecode.c.objc; path = ViewController.m; sourceTree = "<group>"; };
		D2695C2B1C7B041200CA5284 /* Base */ = {isa = PBXFileReference; lastKnownFileType = file.storyboard; name = Base; path = Base.lproj/Main.storyboard; sourceTree = "<group>"; };
		D2695C2D1C7B041200CA5284 /* Images.xcassets */ = {isa = PBXFileReference; lastKnownFileType = folder.assetcatalog; path = Images.xcassets; sourceTree = "<group>"; };
		D2695C301C7B041200CA5284 /* Base */ = {isa = PBXFileReference; lastKnownFileType = file.xib; name = Base; path = Base.lproj/LaunchScreen.xib; sourceTree = "<group>"; };
		D2695C361C7B041200CA5284 /* NewDemoTests.xctest */ = {isa = PBXFileReference; explicitFileType = wrapper.cfbundle; includeInIndex = 0; path = NewDemoTests.xctest; sourceTree = BUILT_PRODUCTS_DIR; };
		D2695C3B1C7B041200CA5284 /* Info.plist */ = {isa = PBXFileReference; lastKnownFileType = text.plist.xml; path = Info.plist; sourceTree = "<group>"; };
		D2695C3C1C7B041200CA5284 /* NewDemoTests.m */ = {isa = PBXFileReference; lastKnownFileType = sourcecode.c.objc; path = NewDemoTests.m; sourceTree = "<group>"; };
/* End PBXFileReference section */

/* Begin PBXFrameworksBuildPhase section */
		D2695C1A1C7B041200CA5284 /* Frameworks */ = {
			isa = PBXFrameworksBuildPhase;
			buildActionMask = 2147483647;
			files = (
			);
			runOnlyForDeploymentPostprocessing = 0;
		};
		D2695C331C7B041200CA5284 /* Frameworks */ = {
			isa = PBXFrameworksBuildPhase;
			buildActionMask = 2147483647;
			files = (
			);
			runOnlyForDeploymentPostprocessing = 0;
		};
/* End PBXFrameworksBuildPhase section */

/* Begin PBXGroup section */
		D2695C141C7B041200CA5284 = {
			isa = PBXGroup;
			children = (
				D2695C1F1C7B041200CA5284 /* NewDemo */,
				D2695C391C7B041200CA5284 /* NewDemoTests */,
				D2695C1E1C7B041200CA5284 /* Products */,
			);
			sourceTree = "<group>";
		};
		D2695C1E1C7B041200CA5284 /* Products */ = {
			isa = PBXGroup;
			children = (
				D2695C1D1C7B041200CA5284 /* NewDemo.app */,
				D2695C361C7B041200CA5284 /* NewDemoTests.xctest */,
			);
			name = Products;
			sourceTree = "<group>";
		};
		D2695C1F1C7B041200CA5284 /* NewDemo */ = {
			isa = PBXGroup;
			children = (
				D2695C241C7B041200CA5284 /* AppDelegate.h */,
				D2695C251C7B041200CA5284 /* AppDelegate.m */,
				D2695C271C7B041200CA5284 /* ViewController.h */,
				D2695C281C7B041200CA5284 /* ViewController.m */,
				D2695C2A1C7B041200CA5284 /* Main.storyboard */,
				D2695C2D1C7B041200CA5284 /* Images.xcassets */,
				D2695C2F1C7B041200CA5284 /* LaunchScreen.xib */,
				D2695C201C7B041200CA5284 /* Supporting Files */,
			);
			path = NewDemo;
			sourceTree = "<group>";
		};
		D2695C201C7B041200CA5284 /* Supporting Files */ = {
			isa = PBXGroup;
			children = (
				D2695C211C7B041200CA5284 /* Info.plist */,
				D2695C221C7B041200CA5284 /* main.m */,
			);
			name = "Supporting Files";
			sourceTree = "<group>";
		};
		D2695C391C7B041200CA5284 /* NewDemoTests */ = {
			isa = PBXGroup;
			children = (
				D2695C3C1C7B041200CA5284 /* NewDemoTests.m */,
				D2695C3A1C7B041200CA5284 /* Supporting Files */,
			);
			path = NewDemoTests;
			sourceTree = "<group>";
		};
		D2695C3A1C7B041200CA5284 /* Supporting Files */ = {
			isa = PBXGroup;
			children = (
				D2695C3B1C7B041200CA5284 /* Info.plist */,
			);
			name = "Supporting Files";
			sourceTree = "<group>";
		};
/* End PBXGroup section */

/* Begin PBXNativeTarget section */
		D2695C1C1C7B041200CA5284 /* NewDemo */ = {
			isa = PBXNativeTarget;
			buildConfigurationList = D2695C401C7B041200CA5284 /* Build configuration list for PBXNativeTarget "NewDemo" */;
			buildPhases = (
				D2695C191C7B041200CA5284 /* Sources */,
				D2695C1A1C7B041200CA5284 /* Frameworks */,
				D2695C1B1C7B041200CA5284 /* Resources */,
			);
			buildRules = (
			);
			dependencies = (
			);
			name = NewDemo;
			productName = NewDemo;
			productReference = D2695C1D1C7B041200CA5284 /* NewDemo.app */;
			productType = "com.apple.product-type.application";
		};
		D2695C351C7B041200CA5284 /* NewDemoTests */ = {
			isa = PBXNativeTarget;
			buildConfigurationList = D2695C431C7B041200CA5284 /* Build configuration list for PBXNativeTarget "NewDemoTests" */;
			buildPhases = (
				D2695C321C7B041200CA5284 /* Sources */,
				D2695C331C7B041200CA5284 /* Frameworks */,
				D2695C341C7B041200CA5284 /* Resources */,
			);
			buildRules = (
			);
			dependencies = (
				D2695C381C7B041200CA5284 /* PBXTargetDependency */,
			);
			name = NewDemoTests;
			productName = NewDemoTests;
			productReference = D2695C361C7B041200CA5284 /* NewDemoTests.xctest */;
			productType = "com.apple.product-type.bundle.unit-test";
		};
/* End PBXNativeTarget section */

/* Begin PBXProject section */
		D2695C151C7B041200CA5284 /* Project object */ = {
			isa = PBXProject;
			attributes = {
				LastUpgradeCheck = 0630;
				ORGANIZATIONNAME = EaseMob;
				TargetAttributes = {
					D2695C1C1C7B041200CA5284 = {
						CreatedOnToolsVersion = 6.3.2;
					};
					D2695C351C7B041200CA5284 = {
						CreatedOnToolsVersion = 6.3.2;
						TestTargetID = D2695C1C1C7B041200CA5284;
					};
				};
			};
			buildConfigurationList = D2695C181C7B041200CA5284 /* Build configuration list for PBXProject "NewDemo" */;
			compatibilityVersion = "Xcode 3.2";
			developmentRegion = English;
			hasScannedForEncodings = 0;
			knownRegions = (
				en,
				Base,
			);
			mainGroup = D2695C141C7B041200CA5284;
			productRefGroup = D2695C1E1C7B041200CA5284 /* Products */;
			projectDirPath = "";
			projectRoot = "";
			targets = (
				D2695C1C1C7B041200CA5284 /* NewDemo */,
				D2695C351C7B041200CA5284 /* NewDemoTests */,
			);
		};
/* End PBXProject section */

/* Begin PBXResourcesBuildPhase section */
		D2695C1B1C7B041200CA5284 /* Resources */ = {
			isa = PBXResourcesBuildPhase;
			buildActionMask = 2147483647;
			files = (
				D2695C2C1C7B041200CA5284 /* Main.storyboard in Resources */,
				D2695C311C7B041200CA5284 /* LaunchScreen.xib in Resources */,
				D2695C2E1C7B041200CA5284 /* Images.xcassets in Resources */,
			);
			runOnlyForDeploymentPostprocessing = 0;
		};
		D2695C341C7B041200CA5284 /* Resources */ = {
			isa = PBXResourcesBuildPhase;
			buildActionMask = 2147483647;
			files = (
			);
			runOnlyForDeploymentPostprocessing = 0;
		};
/* End PBXResourcesBuildPhase section */

/* Begin PBXSourcesBuildPhase section */
		D2695C191C7B041200CA5284 /* Sources */ = {
			isa = PBXSourcesBuildPhase;
			buildActionMask = 2147483647;
			files = (
				D2695C291C7B041200CA5284 /* ViewController.m in Sources */,
				D2695C261C7B041200CA5284 /* AppDelegate.m in Sources */,
				D2695C231C7B041200CA5284 /* main.m in Sources */,
			);
			runOnlyForDeploymentPostprocessing = 0;
		};
		D2695C321C7B041200CA5284 /* Sources */ = {
			isa = PBXSourcesBuildPhase;
			buildActionMask = 2147483647;
			files = (
				D2695C3D1C7B041200CA5284 /* NewDemoTests.m in Sources */,
			);
			runOnlyForDeploymentPostprocessing = 0;
		};
/* End PBXSourcesBuildPhase section */

/* Begin PBXTargetDependency section */
		D2695C381C7B041200CA5284 /* PBXTargetDependency */ = {
			isa = PBXTargetDependency;
			target = D2695C1C1C7B041200CA5284 /* NewDemo */;
			targetProxy = D2695C371C7B041200CA5284 /* PBXContainerItemProxy */;
		};
/* End PBXTargetDependency section */

/* Begin PBXVariantGroup section */
		D2695C2A1C7B041200CA5284 /* Main.storyboard */ = {
			isa = PBXVariantGroup;
			children = (
				D2695C2B1C7B041200CA5284 /* Base */,
			);
			name = Main.storyboard;
			sourceTree = "<group>";
		};
		D2695C2F1C7B041200CA5284 /* LaunchScreen.xib */ = {
			isa = PBXVariantGroup;
			children = (
				D2695C301C7B041200CA5284 /* Base */,
			);
			name = LaunchScreen.xib;
			sourceTree = "<group>";
		};
/* End PBXVariantGroup section */

/* Begin XCBuildConfiguration section */
		D2695C3E1C7B041200CA5284 /* Debug */ = {
			isa = XCBuildConfiguration;
			buildSettings = {
				ALWAYS_SEARCH_USER_PATHS = NO;
				CLANG_CXX_LANGUAGE_STANDARD = "gnu++0x";
				CLANG_CXX_LIBRARY = "libc++";
				CLANG_ENABLE_MODULES = YES;
				CLANG_ENABLE_OBJC_ARC = YES;
				CLANG_WARN_BOOL_CONVERSION = YES;
				CLANG_WARN_CONSTANT_CONVERSION = YES;
				CLANG_WARN_DIRECT_OBJC_ISA_USAGE = YES_ERROR;
				CLANG_WARN_EMPTY_BODY = YES;
				CLANG_WARN_ENUM_CONVERSION = YES;
				CLANG_WARN_INT_CONVERSION = YES;
				CLANG_WARN_OBJC_ROOT_CLASS = YES_ERROR;
				CLANG_WARN_UNREACHABLE_CODE = YES;
				CLANG_WARN__DUPLICATE_METHOD_MATCH = YES;
				"CODE_SIGN_IDENTITY[sdk=iphoneos*]" = "iPhone Developer";
				COPY_PHASE_STRIP = NO;
				DEBUG_INFORMATION_FORMAT = "dwarf-with-dsym";
				ENABLE_STRICT_OBJC_MSGSEND = YES;
				GCC_C_LANGUAGE_STANDARD = gnu99;
				GCC_DYNAMIC_NO_PIC = NO;
				GCC_NO_COMMON_BLOCKS = YES;
				GCC_OPTIMIZATION_LEVEL = 0;
				GCC_PREPROCESSOR_DEFINITIONS = (
					"DEBUG=1",
					"$(inherited)",
				);
				GCC_SYMBOLS_PRIVATE_EXTERN = NO;
				GCC_WARN_64_TO_32_BIT_CONVERSION = YES;
				GCC_WARN_ABOUT_RETURN_TYPE = YES_ERROR;
				GCC_WARN_UNDECLARED_SELECTOR = YES;
				GCC_WARN_UNINITIALIZED_AUTOS = YES_AGGRESSIVE;
				GCC_WARN_UNUSED_FUNCTION = YES;
				GCC_WARN_UNUSED_VARIABLE = YES;
				IPHONEOS_DEPLOYMENT_TARGET = 8.3;
				MTL_ENABLE_DEBUG_INFO = YES;
				ONLY_ACTIVE_ARCH = YES;
				SDKROOT = iphoneos;
			};
			name = Debug;
		};
		D2695C3F1C7B041200CA5284 /* Release */ = {
			isa = XCBuildConfiguration;
			buildSettings = {
				ALWAYS_SEARCH_USER_PATHS = NO;
				CLANG_CXX_LANGUAGE_STANDARD = "gnu++0x";
				CLANG_CXX_LIBRARY = "libc++";
				CLANG_ENABLE_MODULES = YES;
				CLANG_ENABLE_OBJC_ARC = YES;
				CLANG_WARN_BOOL_CONVERSION = YES;
				CLANG_WARN_CONSTANT_CONVERSION = YES;
				CLANG_WARN_DIRECT_OBJC_ISA_USAGE = YES_ERROR;
				CLANG_WARN_EMPTY_BODY = YES;
				CLANG_WARN_ENUM_CONVERSION = YES;
				CLANG_WARN_INT_CONVERSION = YES;
				CLANG_WARN_OBJC_ROOT_CLASS = YES_ERROR;
				CLANG_WARN_UNREACHABLE_CODE = YES;
				CLANG_WARN__DUPLICATE_METHOD_MATCH = YES;
				"CODE_SIGN_IDENTITY[sdk=iphoneos*]" = "iPhone Developer";
				COPY_PHASE_STRIP = NO;
				DEBUG_INFORMATION_FORMAT = "dwarf-with-dsym";
				ENABLE_NS_ASSERTIONS = NO;
				ENABLE_STRICT_OBJC_MSGSEND = YES;
				GCC_C_LANGUAGE_STANDARD = gnu99;
				GCC_NO_COMMON_BLOCKS = YES;
				GCC_WARN_64_TO_32_BIT_CONVERSION = YES;
				GCC_WARN_ABOUT_RETURN_TYPE = YES_ERROR;
				GCC_WARN_UNDECLARED_SELECTOR = YES;
				GCC_WARN_UNINITIALIZED_AUTOS = YES_AGGRESSIVE;
				GCC_WARN_UNUSED_FUNCTION = YES;
				GCC_WARN_UNUSED_VARIABLE = YES;
				IPHONEOS_DEPLOYMENT_TARGET = 8.3;
				MTL_ENABLE_DEBUG_INFO = NO;
				SDKROOT = iphoneos;
				VALIDATE_PRODUCT = YES;
			};
			name = Release;
		};
		D2695C411C7B041200CA5284 /* Debug */ = {
			isa = XCBuildConfiguration;
			buildSettings = {
				ASSETCATALOG_COMPILER_APPICON_NAME = AppIcon;
				INFOPLIST_FILE = NewDemo/Info.plist;
				LD_RUNPATH_SEARCH_PATHS = "$(inherited) @executable_path/Frameworks";
				PRODUCT_NAME = "$(TARGET_NAME)";
			};
			name = Debug;
		};
		D2695C421C7B041200CA5284 /* Release */ = {
			isa = XCBuildConfiguration;
			buildSettings = {
				ASSETCATALOG_COMPILER_APPICON_NAME = AppIcon;
				INFOPLIST_FILE = NewDemo/Info.plist;
				LD_RUNPATH_SEARCH_PATHS = "$(inherited) @executable_path/Frameworks";
				PRODUCT_NAME = "$(TARGET_NAME)";
			};
			name = Release;
		};
		D2695C441C7B041200CA5284 /* Debug */ = {
			isa = XCBuildConfiguration;
			buildSettings = {
				BUNDLE_LOADER = "$(TEST_HOST)";
				FRAMEWORK_SEARCH_PATHS = (
					"$(SDKROOT)/Developer/Library/Frameworks",
					"$(inherited)",
				);
				GCC_PREPROCESSOR_DEFINITIONS = (
					"DEBUG=1",
					"$(inherited)",
				);
				INFOPLIST_FILE = NewDemoTests/Info.plist;
				LD_RUNPATH_SEARCH_PATHS = "$(inherited) @executable_path/Frameworks @loader_path/Frameworks";
				PRODUCT_NAME = "$(TARGET_NAME)";
				TEST_HOST = "$(BUILT_PRODUCTS_DIR)/NewDemo.app/NewDemo";
			};
			name = Debug;
		};
		D2695C451C7B041200CA5284 /* Release */ = {
			isa = XCBuildConfiguration;
			buildSettings = {
				BUNDLE_LOADER = "$(TEST_HOST)";
				FRAMEWORK_SEARCH_PATHS = (
					"$(SDKROOT)/Developer/Library/Frameworks",
					"$(inherited)",
				);
				INFOPLIST_FILE = NewDemoTests/Info.plist;
				LD_RUNPATH_SEARCH_PATHS = "$(inherited) @executable_path/Frameworks @loader_path/Frameworks";
				PRODUCT_NAME = "$(TARGET_NAME)";
				TEST_HOST = "$(BUILT_PRODUCTS_DIR)/NewDemo.app/NewDemo";
			};
			name = Release;
		};
/* End XCBuildConfiguration section */

/* Begin XCConfigurationList section */
		D2695C181C7B041200CA5284 /* Build configuration list for PBXProject "NewDemo" */ = {
			isa = XCConfigurationList;
			buildConfigurations = (
				D2695C3E1C7B041200CA5284 /* Debug */,
				D2695C3F1C7B041200CA5284 /* Release */,
			);
			defaultConfigurationIsVisible = 0;
			defaultConfigurationName = Release;
		};
		D2695C401C7B041200CA5284 /* Build configuration list for PBXNativeTarget "NewDemo" */ = {
			isa = XCConfigurationList;
			buildConfigurations = (
				D2695C411C7B041200CA5284 /* Debug */,
				D2695C421C7B041200CA5284 /* Release */,
			);
			defaultConfigurationIsVisible = 0;
		};
		D2695C431C7B041200CA5284 /* Build configuration list for PBXNativeTarget "NewDemoTests" */ = {
			isa = XCConfigurationList;
			buildConfigurations = (
				D2695C441C7B041200CA5284 /* Debug */,
				D2695C451C7B041200CA5284 /* Release */,
			);
			defaultConfigurationIsVisible = 0;
		};
/* End XCConfigurationList section */
	};
	rootObject = D2695C151C7B041200CA5284 /* Project object */;
}
